
Microsoft Visual Studio Solution File, Format Version 12.00
# Visual Studio 14
VisualStudioVersion = 14.0.25420.1
MinimumVisualStudioVersion = 10.0.40219.1
Project("{2150E333-8FDC-42A3-9474-1A3956D46DE8}") = "10 - Presentacion", "10 - Presentacion", "{D5AFC0D0-3A67-4932-A6A1-767BAA49759A}"
EndProject
Project("{2150E333-8FDC-42A3-9474-1A3956D46DE8}") = "20 - Servicios", "20 - Servicios", "{BE3705D2-C2D9-4319-8672-90B30721ED47}"
EndProject
Project("{2150E333-8FDC-42A3-9474-1A3956D46DE8}") = "30 - Aplicacion", "30 - Aplicacion", "{DEB3F359-53FC-4535-B98B-B367EC3A9199}"
EndProject
Project("{2150E333-8FDC-42A3-9474-1A3956D46DE8}") = "40 - Datos", "40 - Datos", "{06880258-5285-4CB3-8A2D-9FB075C1DD43}"
EndProject
Project("{2150E333-8FDC-42A3-9474-1A3956D46DE8}") = "50 - Transversal", "50 - Transversal", "{F9EB3AD9-7E71-4B40-B225-C2C8ADA083F1}"
EndProject
Project("{2150E333-8FDC-42A3-9474-1A3956D46DE8}") = "60 - Reportes", "60 - Reportes", "{E4CEA2D6-8CD9-4006-99C5-100E0290D422}"
EndProject
Project("{2150E333-8FDC-42A3-9474-1A3956D46DE8}") = "70 - Test", "70 - Test", "{A8E28DBA-96F1-475F-9AA6-6C64E4BBE158}"
EndProject
Project("{FAE04EC0-301F-11D3-BF4B-00C04F79EFBC}") = "Tienda.Pe.Datos.Modelo", "Tienda.Pe.Datos.Modelo\Tienda.Pe.Datos.Modelo.csproj", "{26D7CF91-107B-4E55-AC37-124B663BED53}"
EndProject
Project("{FAE04EC0-301F-11D3-BF4B-00C04F79EFBC}") = "Tienda.Pe.Datos.Test", "Tienda.Pe.Datos.Test\Tienda.Pe.Datos.Test.csproj", "{35AF62CD-A78A-4EED-ADC0-0B6DEB070557}"
EndProject
Project("{FAE04EC0-301F-11D3-BF4B-00C04F79EFBC}") = "Tienda.Pe.Datos.Repositorio", "Tienda.Pe.Datos.Repositorio\Tienda.Pe.Datos.Repositorio.csproj", "{84559944-51AA-48EC-9302-5F748F2B1DB3}"
EndProject
Project("{2150E333-8FDC-42A3-9474-1A3956D46DE8}") = "30.2 - Seguridad", "30.2 - Seguridad", "{44EE2149-0282-4EFA-A59F-08179EC20138}"
EndProject
Project("{2150E333-8FDC-42A3-9474-1A3956D46DE8}") = "30.1 - Administracion", "30.1 - Administracion", "{54A92D82-CF01-41D5-AAC2-A775B851C858}"
EndProject
Project("{FAE04EC0-301F-11D3-BF4B-00C04F79EFBC}") = "Tienda.Pe.Aplicacion.Administracion", "Tienda.Pe.Aplicacion.Administracion\Tienda.Pe.Aplicacion.Administracion.csproj", "{132FC027-02B1-4EEA-B74D-00871B706927}"
EndProject
Project("{FAE04EC0-301F-11D3-BF4B-00C04F79EFBC}") = "Tienda.Pe.Aplicacion.IAdministracion", "Tienda.Pe.Aplicacion.IAdministracion\Tienda.Pe.Aplicacion.IAdministracion.csproj", "{34609B67-46DB-467B-93A9-2E115D317DEF}"
EndProject
Project("{FAE04EC0-301F-11D3-BF4B-00C04F79EFBC}") = "Tienda.Pe.Aplicacion.Seguridad", "Tienda.Pe.Aplicacion.Seguridad\Tienda.Pe.Aplicacion.Seguridad.csproj", "{1E51ABAD-0662-4CB9-BCB8-DE8745B917F2}"
EndProject
Project("{FAE04EC0-301F-11D3-BF4B-00C04F79EFBC}") = "Tienda.Pe.Aplicacion.ISeguridad", "Tienda.Pe.Aplicacion.ISeguridad\Tienda.Pe.Aplicacion.ISeguridad.csproj", "{DAC6CD43-F6F8-4856-8E0E-85A9E7EC913F}"
EndProject
Project("{FAE04EC0-301F-11D3-BF4B-00C04F79EFBC}") = "Tienda.Pe.Transversal.Entidades", "Tienda.Pe.Transversal.Entidades\Tienda.Pe.Transversal.Entidades.csproj", "{8930E22B-3624-4120-A780-6ACD62B3AC16}"
EndProject
Project("{2150E333-8FDC-42A3-9474-1A3956D46DE8}") = "50.1 - Entidades", "50.1 - Entidades", "{6EC3BA70-FB92-424F-AE51-DC79691BB9A1}"
EndProject
Project("{FAE04EC0-301F-11D3-BF4B-00C04F79EFBC}") = "Tienda.Pe.Datos.Entidades", "Tienda.Pe.Datos.Entidades\Tienda.Pe.Datos.Entidades.csproj", "{0B4A5E09-7D6B-4426-AB9B-2E6AC31A1A3C}"
EndProject
Project("{FAE04EC0-301F-11D3-BF4B-00C04F79EFBC}") = "Tienda.Pe.Datos.IRepositorio", "Tienda.Pe.Datos.IRepositorio\Tienda.Pe.Datos.IRepositorio.csproj", "{069B34E5-BC87-4EB7-B619-54C0E713EF2B}"
EndProject
Project("{2150E333-8FDC-42A3-9474-1A3956D46DE8}") = "50.2 - Mapas", "50.2 - Mapas", "{CAFDB7FD-0811-44C5-AD31-67E0B9E34308}"
EndProject
Project("{FAE04EC0-301F-11D3-BF4B-00C04F79EFBC}") = "Tienda.Pe.Transversal.Mapas", "Tienda.Pe.Transversal.Mapas\Tienda.Pe.Transversal.Mapas.csproj", "{34036326-F82E-4410-9622-C01325EE55D9}"
EndProject
Project("{2150E333-8FDC-42A3-9474-1A3956D46DE8}") = "20.1 - Administracion", "20.1 - Administracion", "{97320284-C371-4CF5-BEC0-EAD07FD3180B}"
EndProject
Project("{2150E333-8FDC-42A3-9474-1A3956D46DE8}") = "20.2 - Seguridad", "20.2 - Seguridad", "{FD30E2AC-9594-442C-800F-79BE909761EF}"
EndProject
Project("{FAE04EC0-301F-11D3-BF4B-00C04F79EFBC}") = "Tienda.Pe.Servicios.Administracion.Host", "Tienda.Pe.Servicios.Administracion.Host\Tienda.Pe.Servicios.Administracion.Host.csproj", "{530956BA-6D9B-45AC-AA85-BF46A1194B9F}"
EndProject
Project("{FAE04EC0-301F-11D3-BF4B-00C04F79EFBC}") = "Tienda.Pe.Servicios.Administracion.Servicios", "Tienda.Pe.Servicios.Administracion.Servicios\Tienda.Pe.Servicios.Administracion.Servicios.csproj", "{B902CF12-F284-464C-B2B0-7CB820BCCCC4}"
EndProject
Project("{FAE04EC0-301F-11D3-BF4B-00C04F79EFBC}") = "Tienda.Pe.Servicios.Administracion.Interfaces", "Tienda.Pe.Servicios.Administracion.Interfaces\Tienda.Pe.Servicios.Administracion.Interfaces.csproj", "{F7775AF1-84E8-4E44-9B29-6D74B3F2844A}"
EndProject
Project("{FAE04EC0-301F-11D3-BF4B-00C04F79EFBC}") = "Tienda.Pe.Servicios.Administracion.DataContracts", "Tienda.Pe.Servicios.Administracion.DataContracts\Tienda.Pe.Servicios.Administracion.DataContracts.csproj", "{A3B5F0F2-4D62-41D1-AEA9-A8A7178D2CFE}"
EndProject
Project("{FAE04EC0-301F-11D3-BF4B-00C04F79EFBC}") = "Tienda.Pe.Servicios.Seguridad.Host", "Tienda.Pe.Servicios.Seguridad.Host\Tienda.Pe.Servicios.Seguridad.Host.csproj", "{D9623574-795C-4D6B-A73C-A6F7B68BB939}"
EndProject
Project("{FAE04EC0-301F-11D3-BF4B-00C04F79EFBC}") = "Tienda.Pe.Aplicacion.Administracion.Entidades", "Tienda.Pe.Aplicacion.Administracion.Entidades\Tienda.Pe.Aplicacion.Administracion.Entidades.csproj", "{DEF02D89-9FED-4BA7-BCB3-EAA483754804}"
EndProject
Project("{FAE04EC0-301F-11D3-BF4B-00C04F79EFBC}") = "Tienda.Pe.Aplicacion.Seguridad.Entidades", "Tienda.Pe.Aplicacion.Seguridad.Entidades\Tienda.Pe.Aplicacion.Seguridad.Entidades.csproj", "{AF2B51BD-318C-4E4B-BAAB-2120E14749BA}"
EndProject
Project("{FAE04EC0-301F-11D3-BF4B-00C04F79EFBC}") = "Tienda.Pe.Servicios.Seguridad.Interfaces", "Tienda.Pe.Servicios.Seguridad.Interfaces\Tienda.Pe.Servicios.Seguridad.Interfaces.csproj", "{29664A85-A4B3-49E8-8B7D-15BCD9F3769D}"
EndProject
Project("{FAE04EC0-301F-11D3-BF4B-00C04F79EFBC}") = "Tienda.Pe.Servicios.Seguridad.DataContracts", "Tienda.Pe.Servicios.Seguridad.DataContracts\Tienda.Pe.Servicios.Seguridad.DataContracts.csproj", "{D9821958-A4B4-4932-B42A-E2C6E1DF0489}"
EndProject
Project("{2150E333-8FDC-42A3-9474-1A3956D46DE8}") = "30.3 - Almacen", "30.3 - Almacen", "{1AA2D5E7-88C1-4FBC-82E7-2E52306534E6}"
EndProject
Project("{2150E333-8FDC-42A3-9474-1A3956D46DE8}") = "30.4 - Ventas", "30.4 - Ventas", "{41F2DB2C-8ED8-4E72-A10E-D052355CFBB0}"
EndProject
Project("{2150E333-8FDC-42A3-9474-1A3956D46DE8}") = "20.3 - Almacen", "20.3 - Almacen", "{EC0954E0-50C5-40C7-A828-EF1D4D4BE221}"
EndProject
Project("{2150E333-8FDC-42A3-9474-1A3956D46DE8}") = "20.4 - Ventas", "20.4 - Ventas", "{7E42A672-0E4A-45F1-8F95-77D8C455E1DE}"
EndProject
Project("{FAE04EC0-301F-11D3-BF4B-00C04F79EFBC}") = "Tienda.Pe.Servicios.Almacen.Host", "Tienda.Pe.Servicios.Almacen.Host\Tienda.Pe.Servicios.Almacen.Host.csproj", "{6986619D-D163-4344-9E4D-6A91A89FC661}"
EndProject
Project("{FAE04EC0-301F-11D3-BF4B-00C04F79EFBC}") = "Tienda.Pe.Presentacion.Consola", "Tienda.Pe.Presentacion.Consola\Tienda.Pe.Presentacion.Consola.csproj", "{DD80CC12-0040-4911-8846-86EF6CA7AEC4}"
	ProjectSection(ProjectDependencies) = postProject
		{D9623574-795C-4D6B-A73C-A6F7B68BB939} = {D9623574-795C-4D6B-A73C-A6F7B68BB939}
		{530956BA-6D9B-45AC-AA85-BF46A1194B9F} = {530956BA-6D9B-45AC-AA85-BF46A1194B9F}
	EndProjectSection
EndProject
Global
	GlobalSection(SolutionConfigurationPlatforms) = preSolution
		Debug|Any CPU = Debug|Any CPU
		Release|Any CPU = Release|Any CPU
	EndGlobalSection
	GlobalSection(ProjectConfigurationPlatforms) = postSolution
		{26D7CF91-107B-4E55-AC37-124B663BED53}.Debug|Any CPU.ActiveCfg = Debug|Any CPU
		{26D7CF91-107B-4E55-AC37-124B663BED53}.Debug|Any CPU.Build.0 = Debug|Any CPU
		{26D7CF91-107B-4E55-AC37-124B663BED53}.Release|Any CPU.ActiveCfg = Release|Any CPU
		{26D7CF91-107B-4E55-AC37-124B663BED53}.Release|Any CPU.Build.0 = Release|Any CPU
		{35AF62CD-A78A-4EED-ADC0-0B6DEB070557}.Debug|Any CPU.ActiveCfg = Debug|Any CPU
		{35AF62CD-A78A-4EED-ADC0-0B6DEB070557}.Debug|Any CPU.Build.0 = Debug|Any CPU
		{35AF62CD-A78A-4EED-ADC0-0B6DEB070557}.Release|Any CPU.ActiveCfg = Release|Any CPU
		{35AF62CD-A78A-4EED-ADC0-0B6DEB070557}.Release|Any CPU.Build.0 = Release|Any CPU
		{84559944-51AA-48EC-9302-5F748F2B1DB3}.Debug|Any CPU.ActiveCfg = Debug|Any CPU
		{84559944-51AA-48EC-9302-5F748F2B1DB3}.Debug|Any CPU.Build.0 = Debug|Any CPU
		{84559944-51AA-48EC-9302-5F748F2B1DB3}.Release|Any CPU.ActiveCfg = Release|Any CPU
		{84559944-51AA-48EC-9302-5F748F2B1DB3}.Release|Any CPU.Build.0 = Release|Any CPU
		{132FC027-02B1-4EEA-B74D-00871B706927}.Debug|Any CPU.ActiveCfg = Debug|Any CPU
		{132FC027-02B1-4EEA-B74D-00871B706927}.Debug|Any CPU.Build.0 = Debug|Any CPU
		{132FC027-02B1-4EEA-B74D-00871B706927}.Release|Any CPU.ActiveCfg = Release|Any CPU
		{132FC027-02B1-4EEA-B74D-00871B706927}.Release|Any CPU.Build.0 = Release|Any CPU
		{34609B67-46DB-467B-93A9-2E115D317DEF}.Debug|Any CPU.ActiveCfg = Debug|Any CPU
		{34609B67-46DB-467B-93A9-2E115D317DEF}.Debug|Any CPU.Build.0 = Debug|Any CPU
		{34609B67-46DB-467B-93A9-2E115D317DEF}.Release|Any CPU.ActiveCfg = Release|Any CPU
		{34609B67-46DB-467B-93A9-2E115D317DEF}.Release|Any CPU.Build.0 = Release|Any CPU
		{1E51ABAD-0662-4CB9-BCB8-DE8745B917F2}.Debug|Any CPU.ActiveCfg = Debug|Any CPU
		{1E51ABAD-0662-4CB9-BCB8-DE8745B917F2}.Debug|Any CPU.Build.0 = Debug|Any CPU
		{1E51ABAD-0662-4CB9-BCB8-DE8745B917F2}.Release|Any CPU.ActiveCfg = Release|Any CPU
		{1E51ABAD-0662-4CB9-BCB8-DE8745B917F2}.Release|Any CPU.Build.0 = Release|Any CPU
		{DAC6CD43-F6F8-4856-8E0E-85A9E7EC913F}.Debug|Any CPU.ActiveCfg = Debug|Any CPU
		{DAC6CD43-F6F8-4856-8E0E-85A9E7EC913F}.Debug|Any CPU.Build.0 = Debug|Any CPU
		{DAC6CD43-F6F8-4856-8E0E-85A9E7EC913F}.Release|Any CPU.ActiveCfg = Release|Any CPU
		{DAC6CD43-F6F8-4856-8E0E-85A9E7EC913F}.Release|Any CPU.Build.0 = Release|Any CPU
		{8930E22B-3624-4120-A780-6ACD62B3AC16}.Debug|Any CPU.ActiveCfg = Debug|Any CPU
		{8930E22B-3624-4120-A780-6ACD62B3AC16}.Debug|Any CPU.Build.0 = Debug|Any CPU
		{8930E22B-3624-4120-A780-6ACD62B3AC16}.Release|Any CPU.ActiveCfg = Release|Any CPU
		{8930E22B-3624-4120-A780-6ACD62B3AC16}.Release|Any CPU.Build.0 = Release|Any CPU
		{0B4A5E09-7D6B-4426-AB9B-2E6AC31A1A3C}.Debug|Any CPU.ActiveCfg = Debug|Any CPU
		{0B4A5E09-7D6B-4426-AB9B-2E6AC31A1A3C}.Debug|Any CPU.Build.0 = Debug|Any CPU
		{0B4A5E09-7D6B-4426-AB9B-2E6AC31A1A3C}.Release|Any CPU.ActiveCfg = Release|Any CPU
		{0B4A5E09-7D6B-4426-AB9B-2E6AC31A1A3C}.Release|Any CPU.Build.0 = Release|Any CPU
		{069B34E5-BC87-4EB7-B619-54C0E713EF2B}.Debug|Any CPU.ActiveCfg = Debug|Any CPU
		{069B34E5-BC87-4EB7-B619-54C0E713EF2B}.Debug|Any CPU.Build.0 = Debug|Any CPU
		{069B34E5-BC87-4EB7-B619-54C0E713EF2B}.Release|Any CPU.ActiveCfg = Release|Any CPU
		{069B34E5-BC87-4EB7-B619-54C0E713EF2B}.Release|Any CPU.Build.0 = Release|Any CPU
		{34036326-F82E-4410-9622-C01325EE55D9}.Debug|Any CPU.ActiveCfg = Debug|Any CPU
		{34036326-F82E-4410-9622-C01325EE55D9}.Debug|Any CPU.Build.0 = Debug|Any CPU
		{34036326-F82E-4410-9622-C01325EE55D9}.Release|Any CPU.ActiveCfg = Release|Any CPU
		{34036326-F82E-4410-9622-C01325EE55D9}.Release|Any CPU.Build.0 = Release|Any CPU
		{530956BA-6D9B-45AC-AA85-BF46A1194B9F}.Debug|Any CPU.ActiveCfg = Debug|Any CPU
		{530956BA-6D9B-45AC-AA85-BF46A1194B9F}.Debug|Any CPU.Build.0 = Debug|Any CPU
		{530956BA-6D9B-45AC-AA85-BF46A1194B9F}.Release|Any CPU.ActiveCfg = Release|Any CPU
		{530956BA-6D9B-45AC-AA85-BF46A1194B9F}.Release|Any CPU.Build.0 = Release|Any CPU
		{B902CF12-F284-464C-B2B0-7CB820BCCCC4}.Debug|Any CPU.ActiveCfg = Debug|Any CPU
		{B902CF12-F284-464C-B2B0-7CB820BCCCC4}.Debug|Any CPU.Build.0 = Debug|Any CPU
		{B902CF12-F284-464C-B2B0-7CB820BCCCC4}.Release|Any CPU.ActiveCfg = Release|Any CPU
		{B902CF12-F284-464C-B2B0-7CB820BCCCC4}.Release|Any CPU.Build.0 = Release|Any CPU
		{F7775AF1-84E8-4E44-9B29-6D74B3F2844A}.Debug|Any CPU.ActiveCfg = Debug|Any CPU
		{F7775AF1-84E8-4E44-9B29-6D74B3F2844A}.Debug|Any CPU.Build.0 = Debug|Any CPU
		{F7775AF1-84E8-4E44-9B29-6D74B3F2844A}.Release|Any CPU.ActiveCfg = Release|Any CPU
		{F7775AF1-84E8-4E44-9B29-6D74B3F2844A}.Release|Any CPU.Build.0 = Release|Any CPU
		{A3B5F0F2-4D62-41D1-AEA9-A8A7178D2CFE}.Debug|Any CPU.ActiveCfg = Debug|Any CPU
		{A3B5F0F2-4D62-41D1-AEA9-A8A7178D2CFE}.Debug|Any CPU.Build.0 = Debug|Any CPU
		{A3B5F0F2-4D62-41D1-AEA9-A8A7178D2CFE}.Release|Any CPU.ActiveCfg = Release|Any CPU
		{A3B5F0F2-4D62-41D1-AEA9-A8A7178D2CFE}.Release|Any CPU.Build.0 = Release|Any CPU
		{D9623574-795C-4D6B-A73C-A6F7B68BB939}.Debug|Any CPU.ActiveCfg = Debug|Any CPU
		{D9623574-795C-4D6B-A73C-A6F7B68BB939}.Debug|Any CPU.Build.0 = Debug|Any CPU
		{D9623574-795C-4D6B-A73C-A6F7B68BB939}.Release|Any CPU.ActiveCfg = Release|Any CPU
		{D9623574-795C-4D6B-A73C-A6F7B68BB939}.Release|Any CPU.Build.0 = Release|Any CPU
		{DEF02D89-9FED-4BA7-BCB3-EAA483754804}.Debug|Any CPU.ActiveCfg = Debug|Any CPU
		{DEF02D89-9FED-4BA7-BCB3-EAA483754804}.Debug|Any CPU.Build.0 = Debug|Any CPU
		{DEF02D89-9FED-4BA7-BCB3-EAA483754804}.Release|Any CPU.ActiveCfg = Release|Any CPU
		{DEF02D89-9FED-4BA7-BCB3-EAA483754804}.Release|Any CPU.Build.0 = Release|Any CPU
		{AF2B51BD-318C-4E4B-BAAB-2120E14749BA}.Debug|Any CPU.ActiveCfg = Debug|Any CPU
		{AF2B51BD-318C-4E4B-BAAB-2120E14749BA}.Debug|Any CPU.Build.0 = Debug|Any CPU
		{AF2B51BD-318C-4E4B-BAAB-2120E14749BA}.Release|Any CPU.ActiveCfg = Release|Any CPU
		{AF2B51BD-318C-4E4B-BAAB-2120E14749BA}.Release|Any CPU.Build.0 = Release|Any CPU
		{29664A85-A4B3-49E8-8B7D-15BCD9F3769D}.Debug|Any CPU.ActiveCfg = Debug|Any CPU
		{29664A85-A4B3-49E8-8B7D-15BCD9F3769D}.Debug|Any CPU.Build.0 = Debug|Any CPU
		{29664A85-A4B3-49E8-8B7D-15BCD9F3769D}.Release|Any CPU.ActiveCfg = Release|Any CPU
		{29664A85-A4B3-49E8-8B7D-15BCD9F3769D}.Release|Any CPU.Build.0 = Release|Any CPU
		{D9821958-A4B4-4932-B42A-E2C6E1DF0489}.Debug|Any CPU.ActiveCfg = Debug|Any CPU
		{D9821958-A4B4-4932-B42A-E2C6E1DF0489}.Debug|Any CPU.Build.0 = Debug|Any CPU
		{D9821958-A4B4-4932-B42A-E2C6E1DF0489}.Release|Any CPU.ActiveCfg = Release|Any CPU
		{D9821958-A4B4-4932-B42A-E2C6E1DF0489}.Release|Any CPU.Build.0 = Release|Any CPU
		{6986619D-D163-4344-9E4D-6A91A89FC661}.Debug|Any CPU.ActiveCfg = Debug|Any CPU
		{6986619D-D163-4344-9E4D-6A91A89FC661}.Debug|Any CPU.Build.0 = Debug|Any CPU
		{6986619D-D163-4344-9E4D-6A91A89FC661}.Release|Any CPU.ActiveCfg = Release|Any CPU
		{6986619D-D163-4344-9E4D-6A91A89FC661}.Release|Any CPU.Build.0 = Release|Any CPU
		{DD80CC12-0040-4911-8846-86EF6CA7AEC4}.Debug|Any CPU.ActiveCfg = Debug|Any CPU
		{DD80CC12-0040-4911-8846-86EF6CA7AEC4}.Debug|Any CPU.Build.0 = Debug|Any CPU
		{DD80CC12-0040-4911-8846-86EF6CA7AEC4}.Release|Any CPU.ActiveCfg = Release|Any CPU
		{DD80CC12-0040-4911-8846-86EF6CA7AEC4}.Release|Any CPU.Build.0 = Release|Any CPU
	EndGlobalSection
	GlobalSection(SolutionProperties) = preSolution
		HideSolutionNode = FALSE
	EndGlobalSection
	GlobalSection(NestedProjects) = preSolution
		{26D7CF91-107B-4E55-AC37-124B663BED53} = {06880258-5285-4CB3-8A2D-9FB075C1DD43}
		{35AF62CD-A78A-4EED-ADC0-0B6DEB070557} = {A8E28DBA-96F1-475F-9AA6-6C64E4BBE158}
		{84559944-51AA-48EC-9302-5F748F2B1DB3} = {06880258-5285-4CB3-8A2D-9FB075C1DD43}
		{44EE2149-0282-4EFA-A59F-08179EC20138} = {DEB3F359-53FC-4535-B98B-B367EC3A9199}
		{54A92D82-CF01-41D5-AAC2-A775B851C858} = {DEB3F359-53FC-4535-B98B-B367EC3A9199}
		{132FC027-02B1-4EEA-B74D-00871B706927} = {54A92D82-CF01-41D5-AAC2-A775B851C858}
		{34609B67-46DB-467B-93A9-2E115D317DEF} = {54A92D82-CF01-41D5-AAC2-A775B851C858}
		{1E51ABAD-0662-4CB9-BCB8-DE8745B917F2} = {44EE2149-0282-4EFA-A59F-08179EC20138}
		{DAC6CD43-F6F8-4856-8E0E-85A9E7EC913F} = {44EE2149-0282-4EFA-A59F-08179EC20138}
		{8930E22B-3624-4120-A780-6ACD62B3AC16} = {6EC3BA70-FB92-424F-AE51-DC79691BB9A1}
		{6EC3BA70-FB92-424F-AE51-DC79691BB9A1} = {F9EB3AD9-7E71-4B40-B225-C2C8ADA083F1}
		{0B4A5E09-7D6B-4426-AB9B-2E6AC31A1A3C} = {06880258-5285-4CB3-8A2D-9FB075C1DD43}
		{069B34E5-BC87-4EB7-B619-54C0E713EF2B} = {06880258-5285-4CB3-8A2D-9FB075C1DD43}
		{CAFDB7FD-0811-44C5-AD31-67E0B9E34308} = {F9EB3AD9-7E71-4B40-B225-C2C8ADA083F1}
		{34036326-F82E-4410-9622-C01325EE55D9} = {CAFDB7FD-0811-44C5-AD31-67E0B9E34308}
		{97320284-C371-4CF5-BEC0-EAD07FD3180B} = {BE3705D2-C2D9-4319-8672-90B30721ED47}
		{FD30E2AC-9594-442C-800F-79BE909761EF} = {BE3705D2-C2D9-4319-8672-90B30721ED47}
		{530956BA-6D9B-45AC-AA85-BF46A1194B9F} = {97320284-C371-4CF5-BEC0-EAD07FD3180B}
		{B902CF12-F284-464C-B2B0-7CB820BCCCC4} = {97320284-C371-4CF5-BEC0-EAD07FD3180B}
		{F7775AF1-84E8-4E44-9B29-6D74B3F2844A} = {97320284-C371-4CF5-BEC0-EAD07FD3180B}
		{A3B5F0F2-4D62-41D1-AEA9-A8A7178D2CFE} = {97320284-C371-4CF5-BEC0-EAD07FD3180B}
		{D9623574-795C-4D6B-A73C-A6F7B68BB939} = {FD30E2AC-9594-442C-800F-79BE909761EF}
		{DEF02D89-9FED-4BA7-BCB3-EAA483754804} = {54A92D82-CF01-41D5-AAC2-A775B851C858}
		{AF2B51BD-318C-4E4B-BAAB-2120E14749BA} = {44EE2149-0282-4EFA-A59F-08179EC20138}
		{29664A85-A4B3-49E8-8B7D-15BCD9F3769D} = {FD30E2AC-9594-442C-800F-79BE909761EF}
		{D9821958-A4B4-4932-B42A-E2C6E1DF0489} = {FD30E2AC-9594-442C-800F-79BE909761EF}
		{1AA2D5E7-88C1-4FBC-82E7-2E52306534E6} = {DEB3F359-53FC-4535-B98B-B367EC3A9199}
		{41F2DB2C-8ED8-4E72-A10E-D052355CFBB0} = {DEB3F359-53FC-4535-B98B-B367EC3A9199}
		{EC0954E0-50C5-40C7-A828-EF1D4D4BE221} = {BE3705D2-C2D9-4319-8672-90B30721ED47}
		{7E42A672-0E4A-45F1-8F95-77D8C455E1DE} = {BE3705D2-C2D9-4319-8672-90B30721ED47}
		{6986619D-D163-4344-9E4D-6A91A89FC661} = {EC0954E0-50C5-40C7-A828-EF1D4D4BE221}
		{DD80CC12-0040-4911-8846-86EF6CA7AEC4} = {D5AFC0D0-3A67-4932-A6A1-767BAA49759A}
	EndGlobalSection
EndGlobal
